// !$*UTF8*$!
{
	archiveVersion = 1;
	classes = {
	};
	objectVersion = 50;
	objects = {

/* Begin PBXBuildFile section */
		10CC43392774D94E00BB841A /* AppDelegate.swift in Sources */ = {isa = PBXBuildFile; fileRef = 10CC43382774D94E00BB841A /* AppDelegate.swift */; };
		10CC433D2774D94E00BB841A /* MoviesViewController.swift in Sources */ = {isa = PBXBuildFile; fileRef = 10CC433C2774D94E00BB841A /* MoviesViewController.swift */; };
		10CC43402774D94E00BB841A /* Movies.storyboard in Resources */ = {isa = PBXBuildFile; fileRef = 10CC433E2774D94E00BB841A /* Movies.storyboard */; };
		10CC43422774D95200BB841A /* Assets.xcassets in Resources */ = {isa = PBXBuildFile; fileRef = 10CC43412774D95200BB841A /* Assets.xcassets */; };
		10CC43452774D95200BB841A /* LaunchScreen.storyboard in Resources */ = {isa = PBXBuildFile; fileRef = 10CC43432774D95200BB841A /* LaunchScreen.storyboard */; };
		10CC43532774DB9200BB841A /* MoviesViewPresenter.swift in Sources */ = {isa = PBXBuildFile; fileRef = 10CC43522774DB9200BB841A /* MoviesViewPresenter.swift */; };
		10CC43562774DBC000BB841A /* BaseViewConfigurator.swift in Sources */ = {isa = PBXBuildFile; fileRef = 10CC43552774DBC000BB841A /* BaseViewConfigurator.swift */; };
		10CC43582774DC0300BB841A /* BaseView.swift in Sources */ = {isa = PBXBuildFile; fileRef = 10CC43572774DC0300BB841A /* BaseView.swift */; };
		10CC435A2774DD7B00BB841A /* MoviesViewConfigurator.swift in Sources */ = {isa = PBXBuildFile; fileRef = 10CC43592774DD7B00BB841A /* MoviesViewConfigurator.swift */; };
		10CC435D2774DF3900BB841A /* MoviesTableViewCell.swift in Sources */ = {isa = PBXBuildFile; fileRef = 10CC435B2774DF3900BB841A /* MoviesTableViewCell.swift */; };
		10CC435E2774DF3900BB841A /* MoviesTableViewCell.xib in Resources */ = {isa = PBXBuildFile; fileRef = 10CC435C2774DF3900BB841A /* MoviesTableViewCell.xib */; };
		10CC43602774F3CE00BB841A /* MoviesData.swift in Sources */ = {isa = PBXBuildFile; fileRef = 10CC435F2774F3CE00BB841A /* MoviesData.swift */; };
		10CC436B2774F3FA00BB841A /* Self.swift in Sources */ = {isa = PBXBuildFile; fileRef = 10CC43612774F3F900BB841A /* Self.swift */; };
		10CC436C2774F3FA00BB841A /* Show.swift in Sources */ = {isa = PBXBuildFile; fileRef = 10CC43622774F3FA00BB841A /* Show.swift */; };
		10CC436D2774F3FA00BB841A /* Rating.swift in Sources */ = {isa = PBXBuildFile; fileRef = 10CC43632774F3FA00BB841A /* Rating.swift */; };
		10CC436E2774F3FA00BB841A /* Country.swift in Sources */ = {isa = PBXBuildFile; fileRef = 10CC43642774F3FA00BB841A /* Country.swift */; };
		10CC436F2774F3FA00BB841A /* WebChannel.swift in Sources */ = {isa = PBXBuildFile; fileRef = 10CC43652774F3FA00BB841A /* WebChannel.swift */; };
		10CC43702774F3FA00BB841A /* Schedule.swift in Sources */ = {isa = PBXBuildFile; fileRef = 10CC43662774F3FA00BB841A /* Schedule.swift */; };
		10CC43712774F3FA00BB841A /* Externals.swift in Sources */ = {isa = PBXBuildFile; fileRef = 10CC43672774F3FA00BB841A /* Externals.swift */; };
		10CC43722774F3FA00BB841A /* Previousepisode.swift in Sources */ = {isa = PBXBuildFile; fileRef = 10CC43682774F3FA00BB841A /* Previousepisode.swift */; };
		10CC43732774F3FA00BB841A /* Image.swift in Sources */ = {isa = PBXBuildFile; fileRef = 10CC43692774F3FA00BB841A /* Image.swift */; };
		10CC43742774F3FA00BB841A /* Links.swift in Sources */ = {isa = PBXBuildFile; fileRef = 10CC436A2774F3FA00BB841A /* Links.swift */; };
		10CC43772774FB1600BB841A /* NetworkRout.swift in Sources */ = {isa = PBXBuildFile; fileRef = 10CC43762774FB1600BB841A /* NetworkRout.swift */; };
		10CC43792774FB8800BB841A /* APIClient.swift in Sources */ = {isa = PBXBuildFile; fileRef = 10CC43782774FB8800BB841A /* APIClient.swift */; };
		10CC437B2775064000BB841A /* Network.swift in Sources */ = {isa = PBXBuildFile; fileRef = 10CC437A2775064000BB841A /* Network.swift */; };
/* End PBXBuildFile section */

/* Begin PBXFileReference section */
		10CC43352774D94E00BB841A /* TVMovies.app */ = {isa = PBXFileReference; explicitFileType = wrapper.application; includeInIndex = 0; path = TVMovies.app; sourceTree = BUILT_PRODUCTS_DIR; };
		10CC43382774D94E00BB841A /* AppDelegate.swift */ = {isa = PBXFileReference; lastKnownFileType = sourcecode.swift; path = AppDelegate.swift; sourceTree = "<group>"; };
		10CC433C2774D94E00BB841A /* MoviesViewController.swift */ = {isa = PBXFileReference; lastKnownFileType = sourcecode.swift; path = MoviesViewController.swift; sourceTree = "<group>"; };
		10CC433F2774D94E00BB841A /* Base */ = {isa = PBXFileReference; lastKnownFileType = file.storyboard; name = Base; path = Base.lproj/Movies.storyboard; sourceTree = "<group>"; };
		10CC43412774D95200BB841A /* Assets.xcassets */ = {isa = PBXFileReference; lastKnownFileType = folder.assetcatalog; path = Assets.xcassets; sourceTree = "<group>"; };
		10CC43442774D95200BB841A /* Base */ = {isa = PBXFileReference; lastKnownFileType = file.storyboard; name = Base; path = Base.lproj/LaunchScreen.storyboard; sourceTree = "<group>"; };
		10CC43462774D95200BB841A /* Info.plist */ = {isa = PBXFileReference; lastKnownFileType = text.plist.xml; path = Info.plist; sourceTree = "<group>"; };
		10CC43522774DB9200BB841A /* MoviesViewPresenter.swift */ = {isa = PBXFileReference; lastKnownFileType = sourcecode.swift; path = MoviesViewPresenter.swift; sourceTree = "<group>"; };
		10CC43552774DBC000BB841A /* BaseViewConfigurator.swift */ = {isa = PBXFileReference; lastKnownFileType = sourcecode.swift; path = BaseViewConfigurator.swift; sourceTree = "<group>"; };
		10CC43572774DC0300BB841A /* BaseView.swift */ = {isa = PBXFileReference; lastKnownFileType = sourcecode.swift; path = BaseView.swift; sourceTree = "<group>"; };
		10CC43592774DD7B00BB841A /* MoviesViewConfigurator.swift */ = {isa = PBXFileReference; lastKnownFileType = sourcecode.swift; path = MoviesViewConfigurator.swift; sourceTree = "<group>"; };
		10CC435B2774DF3900BB841A /* MoviesTableViewCell.swift */ = {isa = PBXFileReference; lastKnownFileType = sourcecode.swift; path = MoviesTableViewCell.swift; sourceTree = "<group>"; };
		10CC435C2774DF3900BB841A /* MoviesTableViewCell.xib */ = {isa = PBXFileReference; lastKnownFileType = file.xib; path = MoviesTableViewCell.xib; sourceTree = "<group>"; };
		10CC435F2774F3CE00BB841A /* MoviesData.swift */ = {isa = PBXFileReference; lastKnownFileType = sourcecode.swift; path = MoviesData.swift; sourceTree = "<group>"; };
		10CC43612774F3F900BB841A /* Self.swift */ = {isa = PBXFileReference; fileEncoding = 4; lastKnownFileType = sourcecode.swift; path = Self.swift; sourceTree = "<group>"; };
		10CC43622774F3FA00BB841A /* Show.swift */ = {isa = PBXFileReference; fileEncoding = 4; lastKnownFileType = sourcecode.swift; path = Show.swift; sourceTree = "<group>"; };
		10CC43632774F3FA00BB841A /* Rating.swift */ = {isa = PBXFileReference; fileEncoding = 4; lastKnownFileType = sourcecode.swift; path = Rating.swift; sourceTree = "<group>"; };
		10CC43642774F3FA00BB841A /* Country.swift */ = {isa = PBXFileReference; fileEncoding = 4; lastKnownFileType = sourcecode.swift; path = Country.swift; sourceTree = "<group>"; };
		10CC43652774F3FA00BB841A /* WebChannel.swift */ = {isa = PBXFileReference; fileEncoding = 4; lastKnownFileType = sourcecode.swift; path = WebChannel.swift; sourceTree = "<group>"; };
		10CC43662774F3FA00BB841A /* Schedule.swift */ = {isa = PBXFileReference; fileEncoding = 4; lastKnownFileType = sourcecode.swift; path = Schedule.swift; sourceTree = "<group>"; };
		10CC43672774F3FA00BB841A /* Externals.swift */ = {isa = PBXFileReference; fileEncoding = 4; lastKnownFileType = sourcecode.swift; path = Externals.swift; sourceTree = "<group>"; };
		10CC43682774F3FA00BB841A /* Previousepisode.swift */ = {isa = PBXFileReference; fileEncoding = 4; lastKnownFileType = sourcecode.swift; path = Previousepisode.swift; sourceTree = "<group>"; };
		10CC43692774F3FA00BB841A /* Image.swift */ = {isa = PBXFileReference; fileEncoding = 4; lastKnownFileType = sourcecode.swift; path = Image.swift; sourceTree = "<group>"; };
		10CC436A2774F3FA00BB841A /* Links.swift */ = {isa = PBXFileReference; fileEncoding = 4; lastKnownFileType = sourcecode.swift; path = Links.swift; sourceTree = "<group>"; };
		10CC43762774FB1600BB841A /* NetworkRout.swift */ = {isa = PBXFileReference; lastKnownFileType = sourcecode.swift; path = NetworkRout.swift; sourceTree = "<group>"; };
		10CC43782774FB8800BB841A /* APIClient.swift */ = {isa = PBXFileReference; lastKnownFileType = sourcecode.swift; path = APIClient.swift; sourceTree = "<group>"; };
		10CC437A2775064000BB841A /* Network.swift */ = {isa = PBXFileReference; lastKnownFileType = sourcecode.swift; path = Network.swift; sourceTree = "<group>"; };
/* End PBXFileReference section */

/* Begin PBXFrameworksBuildPhase section */
		10CC43322774D94E00BB841A /* Frameworks */ = {
			isa = PBXFrameworksBuildPhase;
			buildActionMask = 2147483647;
			files = (
			);
			runOnlyForDeploymentPostprocessing = 0;
		};
/* End PBXFrameworksBuildPhase section */

/* Begin PBXGroup section */
		10CC432C2774D94E00BB841A = {
			isa = PBXGroup;
			children = (
				10CC43372774D94E00BB841A /* TVMovies */,
				10CC43362774D94E00BB841A /* Products */,
			);
			sourceTree = "<group>";
		};
		10CC43362774D94E00BB841A /* Products */ = {
			isa = PBXGroup;
			children = (
				10CC43352774D94E00BB841A /* TVMovies.app */,
			);
			name = Products;
			sourceTree = "<group>";
		};
		10CC43372774D94E00BB841A /* TVMovies */ = {
			isa = PBXGroup;
			children = (
				10CC43752774FA9B00BB841A /* Network */,
				10CC43542774DBB700BB841A /* Globals */,
				10CC434C2774D9EA00BB841A /* Movies */,
				10CC43382774D94E00BB841A /* AppDelegate.swift */,
				10CC43412774D95200BB841A /* Assets.xcassets */,
				10CC43432774D95200BB841A /* LaunchScreen.storyboard */,
				10CC43462774D95200BB841A /* Info.plist */,
			);
			path = TVMovies;
			sourceTree = "<group>";
		};
		10CC434C2774D9EA00BB841A /* Movies */ = {
			isa = PBXGroup;
			children = (
				10CC43512774DB7E00BB841A /* Models */,
				10CC43502774DB7800BB841A /* Cells */,
				10CC434F2774DB4800BB841A /* Storyboards */,
				10CC434E2774D9FD00BB841A /* Scenes */,
			);
			path = Movies;
			sourceTree = "<group>";
		};
		10CC434E2774D9FD00BB841A /* Scenes */ = {
			isa = PBXGroup;
			children = (
				10CC433C2774D94E00BB841A /* MoviesViewController.swift */,
				10CC43522774DB9200BB841A /* MoviesViewPresenter.swift */,
				10CC43592774DD7B00BB841A /* MoviesViewConfigurator.swift */,
			);
			path = Scenes;
			sourceTree = "<group>";
		};
		10CC434F2774DB4800BB841A /* Storyboards */ = {
			isa = PBXGroup;
			children = (
				10CC433E2774D94E00BB841A /* Movies.storyboard */,
			);
			path = Storyboards;
			sourceTree = "<group>";
		};
		10CC43502774DB7800BB841A /* Cells */ = {
			isa = PBXGroup;
			children = (
				10CC435B2774DF3900BB841A /* MoviesTableViewCell.swift */,
				10CC435C2774DF3900BB841A /* MoviesTableViewCell.xib */,
			);
			path = Cells;
			sourceTree = "<group>";
		};
		10CC43512774DB7E00BB841A /* Models */ = {
			isa = PBXGroup;
			children = (
				10CC435F2774F3CE00BB841A /* MoviesData.swift */,
				10CC436A2774F3FA00BB841A /* Links.swift */,
				10CC43642774F3FA00BB841A /* Country.swift */,
				10CC43672774F3FA00BB841A /* Externals.swift */,
				10CC43692774F3FA00BB841A /* Image.swift */,
				10CC43682774F3FA00BB841A /* Previousepisode.swift */,
				10CC43632774F3FA00BB841A /* Rating.swift */,
				10CC43662774F3FA00BB841A /* Schedule.swift */,
				10CC43612774F3F900BB841A /* Self.swift */,
				10CC43622774F3FA00BB841A /* Show.swift */,
				10CC43652774F3FA00BB841A /* WebChannel.swift */,
				10CC437A2775064000BB841A /* Network.swift */,
			);
			path = Models;
			sourceTree = "<group>";
		};
		10CC43542774DBB700BB841A /* Globals */ = {
			isa = PBXGroup;
			children = (
				10CC43552774DBC000BB841A /* BaseViewConfigurator.swift */,
				10CC43572774DC0300BB841A /* BaseView.swift */,
			);
			path = Globals;
			sourceTree = "<group>";
		};
		10CC43752774FA9B00BB841A /* Network */ = {
			isa = PBXGroup;
			children = (
				10CC43762774FB1600BB841A /* NetworkRout.swift */,
				10CC43782774FB8800BB841A /* APIClient.swift */,
			);
			path = Network;
			sourceTree = "<group>";
		};
/* End PBXGroup section */

/* Begin PBXNativeTarget section */
		10CC43342774D94E00BB841A /* TVMovies */ = {
			isa = PBXNativeTarget;
			buildConfigurationList = 10CC43492774D95200BB841A /* Build configuration list for PBXNativeTarget "TVMovies" */;
			buildPhases = (
				10CC43312774D94E00BB841A /* Sources */,
				10CC43322774D94E00BB841A /* Frameworks */,
				10CC43332774D94E00BB841A /* Resources */,
			);
			buildRules = (
			);
			dependencies = (
			);
			name = TVMovies;
			productName = TVMovies;
			productReference = 10CC43352774D94E00BB841A /* TVMovies.app */;
			productType = "com.apple.product-type.application";
		};
/* End PBXNativeTarget section */

/* Begin PBXProject section */
		10CC432D2774D94E00BB841A /* Project object */ = {
			isa = PBXProject;
			attributes = {
				LastSwiftUpdateCheck = 1250;
				LastUpgradeCheck = 1250;
				TargetAttributes = {
					10CC43342774D94E00BB841A = {
						CreatedOnToolsVersion = 12.5.1;
					};
				};
			};
			buildConfigurationList = 10CC43302774D94E00BB841A /* Build configuration list for PBXProject "TVMovies" */;
			compatibilityVersion = "Xcode 9.3";
			developmentRegion = en;
			hasScannedForEncodings = 0;
			knownRegions = (
				en,
				Base,
			);
			mainGroup = 10CC432C2774D94E00BB841A;
			productRefGroup = 10CC43362774D94E00BB841A /* Products */;
			projectDirPath = "";
			projectRoot = "";
			targets = (
				10CC43342774D94E00BB841A /* TVMovies */,
			);
		};
/* End PBXProject section */

/* Begin PBXResourcesBuildPhase section */
		10CC43332774D94E00BB841A /* Resources */ = {
			isa = PBXResourcesBuildPhase;
			buildActionMask = 2147483647;
			files = (
				10CC43452774D95200BB841A /* LaunchScreen.storyboard in Resources */,
				10CC43422774D95200BB841A /* Assets.xcassets in Resources */,
				10CC435E2774DF3900BB841A /* MoviesTableViewCell.xib in Resources */,
				10CC43402774D94E00BB841A /* Movies.storyboard in Resources */,
			);
			runOnlyForDeploymentPostprocessing = 0;
		};
/* End PBXResourcesBuildPhase section */

/* Begin PBXSourcesBuildPhase section */
		10CC43312774D94E00BB841A /* Sources */ = {
			isa = PBXSourcesBuildPhase;
			buildActionMask = 2147483647;
			files = (
				10CC43602774F3CE00BB841A /* MoviesData.swift in Sources */,
				10CC433D2774D94E00BB841A /* MoviesViewController.swift in Sources */,
				10CC43562774DBC000BB841A /* BaseViewConfigurator.swift in Sources */,
				10CC43792774FB8800BB841A /* APIClient.swift in Sources */,
				10CC435A2774DD7B00BB841A /* MoviesViewConfigurator.swift in Sources */,
				10CC437B2775064000BB841A /* Network.swift in Sources */,
				10CC436F2774F3FA00BB841A /* WebChannel.swift in Sources */,
				10CC436E2774F3FA00BB841A /* Country.swift in Sources */,
				10CC43722774F3FA00BB841A /* Previousepisode.swift in Sources */,
				10CC43392774D94E00BB841A /* AppDelegate.swift in Sources */,
				10CC436D2774F3FA00BB841A /* Rating.swift in Sources */,
				10CC43582774DC0300BB841A /* BaseView.swift in Sources */,
				10CC435D2774DF3900BB841A /* MoviesTableViewCell.swift in Sources */,
				10CC43732774F3FA00BB841A /* Image.swift in Sources */,
				10CC436B2774F3FA00BB841A /* Self.swift in Sources */,
				10CC436C2774F3FA00BB841A /* Show.swift in Sources */,
				10CC43702774F3FA00BB841A /* Schedule.swift in Sources */,
				10CC43742774F3FA00BB841A /* Links.swift in Sources */,
				10CC43712774F3FA00BB841A /* Externals.swift in Sources */,
				10CC43532774DB9200BB841A /* MoviesViewPresenter.swift in Sources */,
				10CC43772774FB1600BB841A /* NetworkRout.swift in Sources */,
			);
			runOnlyForDeploymentPostprocessing = 0;
		};
/* End PBXSourcesBuildPhase section */

/* Begin PBXVariantGroup section */
		10CC433E2774D94E00BB841A /* Movies.storyboard */ = {
			isa = PBXVariantGroup;
			children = (
				10CC433F2774D94E00BB841A /* Base */,
			);
			name = Movies.storyboard;
			sourceTree = "<group>";
		};
		10CC43432774D95200BB841A /* LaunchScreen.storyboard */ = {
			isa = PBXVariantGroup;
			children = (
				10CC43442774D95200BB841A /* Base */,
			);
			name = LaunchScreen.storyboard;
			sourceTree = "<group>";
		};
/* End PBXVariantGroup section */

/* Begin XCBuildConfiguration section */
		10CC43472774D95200BB841A /* Debug */ = {
			isa = XCBuildConfiguration;
			buildSettings = {
				ALWAYS_SEARCH_USER_PATHS = NO;
				CLANG_ANALYZER_NONNULL = YES;
				CLANG_ANALYZER_NUMBER_OBJECT_CONVERSION = YES_AGGRESSIVE;
				CLANG_CXX_LANGUAGE_STANDARD = "gnu++14";
				CLANG_CXX_LIBRARY = "libc++";
				CLANG_ENABLE_MODULES = YES;
				CLANG_ENABLE_OBJC_ARC = YES;
				CLANG_ENABLE_OBJC_WEAK = YES;
				CLANG_WARN_BLOCK_CAPTURE_AUTORELEASING = YES;
				CLANG_WARN_BOOL_CONVERSION = YES;
				CLANG_WARN_COMMA = YES;
				CLANG_WARN_CONSTANT_CONVERSION = YES;
				CLANG_WARN_DEPRECATED_OBJC_IMPLEMENTATIONS = YES;
				CLANG_WARN_DIRECT_OBJC_ISA_USAGE = YES_ERROR;
				CLANG_WARN_DOCUMENTATION_COMMENTS = YES;
				CLANG_WARN_EMPTY_BODY = YES;
				CLANG_WARN_ENUM_CONVERSION = YES;
				CLANG_WARN_INFINITE_RECURSION = YES;
				CLANG_WARN_INT_CONVERSION = YES;
				CLANG_WARN_NON_LITERAL_NULL_CONVERSION = YES;
				CLANG_WARN_OBJC_IMPLICIT_RETAIN_SELF = YES;
				CLANG_WARN_OBJC_LITERAL_CONVERSION = YES;
				CLANG_WARN_OBJC_ROOT_CLASS = YES_ERROR;
				CLANG_WARN_QUOTED_INCLUDE_IN_FRAMEWORK_HEADER = YES;
				CLANG_WARN_RANGE_LOOP_ANALYSIS = YES;
				CLANG_WARN_STRICT_PROTOTYPES = YES;
				CLANG_WARN_SUSPICIOUS_MOVE = YES;
				CLANG_WARN_UNGUARDED_AVAILABILITY = YES_AGGRESSIVE;
				CLANG_WARN_UNREACHABLE_CODE = YES;
				CLANG_WARN__DUPLICATE_METHOD_MATCH = YES;
				COPY_PHASE_STRIP = NO;
				DEBUG_INFORMATION_FORMAT = dwarf;
				ENABLE_STRICT_OBJC_MSGSEND = YES;
				ENABLE_TESTABILITY = YES;
				GCC_C_LANGUAGE_STANDARD = gnu11;
				GCC_DYNAMIC_NO_PIC = NO;
				GCC_NO_COMMON_BLOCKS = YES;
				GCC_OPTIMIZATION_LEVEL = 0;
				GCC_PREPROCESSOR_DEFINITIONS = (
					"DEBUG=1",
					"$(inherited)",
				);
				GCC_WARN_64_TO_32_BIT_CONVERSION = YES;
				GCC_WARN_ABOUT_RETURN_TYPE = YES_ERROR;
				GCC_WARN_UNDECLARED_SELECTOR = YES;
				GCC_WARN_UNINITIALIZED_AUTOS = YES_AGGRESSIVE;
				GCC_WARN_UNUSED_FUNCTION = YES;
				GCC_WARN_UNUSED_VARIABLE = YES;
				IPHONEOS_DEPLOYMENT_TARGET = 14.5;
				MTL_ENABLE_DEBUG_INFO = INCLUDE_SOURCE;
				MTL_FAST_MATH = YES;
				ONLY_ACTIVE_ARCH = YES;
				SDKROOT = iphoneos;
				SWIFT_ACTIVE_COMPILATION_CONDITIONS = DEBUG;
				SWIFT_OPTIMIZATION_LEVEL = "-Onone";
			};
			name = Debug;
		};
		10CC43482774D95200BB841A /* Release */ = {
			isa = XCBuildConfiguration;
			buildSettings = {
				ALWAYS_SEARCH_USER_PATHS = NO;
				CLANG_ANALYZER_NONNULL = YES;
				CLANG_ANALYZER_NUMBER_OBJECT_CONVERSION = YES_AGGRESSIVE;
				CLANG_CXX_LANGUAGE_STANDARD = "gnu++14";
				CLANG_CXX_LIBRARY = "libc++";
				CLANG_ENABLE_MODULES = YES;
				CLANG_ENABLE_OBJC_ARC = YES;
				CLANG_ENABLE_OBJC_WEAK = YES;
				CLANG_WARN_BLOCK_CAPTURE_AUTORELEASING = YES;
				CLANG_WARN_BOOL_CONVERSION = YES;
				CLANG_WARN_COMMA = YES;
				CLANG_WARN_CONSTANT_CONVERSION = YES;
				CLANG_WARN_DEPRECATED_OBJC_IMPLEMENTATIONS = YES;
				CLANG_WARN_DIRECT_OBJC_ISA_USAGE = YES_ERROR;
				CLANG_WARN_DOCUMENTATION_COMMENTS = YES;
				CLANG_WARN_EMPTY_BODY = YES;
				CLANG_WARN_ENUM_CONVERSION = YES;
				CLANG_WARN_INFINITE_RECURSION = YES;
				CLANG_WARN_INT_CONVERSION = YES;
				CLANG_WARN_NON_LITERAL_NULL_CONVERSION = YES;
				CLANG_WARN_OBJC_IMPLICIT_RETAIN_SELF = YES;
				CLANG_WARN_OBJC_LITERAL_CONVERSION = YES;
				CLANG_WARN_OBJC_ROOT_CLASS = YES_ERROR;
				CLANG_WARN_QUOTED_INCLUDE_IN_FRAMEWORK_HEADER = YES;
				CLANG_WARN_RANGE_LOOP_ANALYSIS = YES;
				CLANG_WARN_STRICT_PROTOTYPES = YES;
				CLANG_WARN_SUSPICIOUS_MOVE = YES;
				CLANG_WARN_UNGUARDED_AVAILABILITY = YES_AGGRESSIVE;
				CLANG_WARN_UNREACHABLE_CODE = YES;
				CLANG_WARN__DUPLICATE_METHOD_MATCH = YES;
				COPY_PHASE_STRIP = NO;
				DEBUG_INFORMATION_FORMAT = "dwarf-with-dsym";
				ENABLE_NS_ASSERTIONS = NO;
				ENABLE_STRICT_OBJC_MSGSEND = YES;
				GCC_C_LANGUAGE_STANDARD = gnu11;
				GCC_NO_COMMON_BLOCKS = YES;
				GCC_WARN_64_TO_32_BIT_CONVERSION = YES;
				GCC_WARN_ABOUT_RETURN_TYPE = YES_ERROR;
				GCC_WARN_UNDECLARED_SELECTOR = YES;
				GCC_WARN_UNINITIALIZED_AUTOS = YES_AGGRESSIVE;
				GCC_WARN_UNUSED_FUNCTION = YES;
				GCC_WARN_UNUSED_VARIABLE = YES;
				IPHONEOS_DEPLOYMENT_TARGET = 14.5;
				MTL_ENABLE_DEBUG_INFO = NO;
				MTL_FAST_MATH = YES;
				SDKROOT = iphoneos;
				SWIFT_COMPILATION_MODE = wholemodule;
				SWIFT_OPTIMIZATION_LEVEL = "-O";
				VALIDATE_PRODUCT = YES;
			};
			name = Release;
		};
		10CC434A2774D95200BB841A /* Debug */ = {
			isa = XCBuildConfiguration;
			buildSettings = {
				ASSETCATALOG_COMPILER_APPICON_NAME = AppIcon;
				ASSETCATALOG_COMPILER_GLOBAL_ACCENT_COLOR_NAME = AccentColor;
				CODE_SIGN_STYLE = Automatic;
				DEVELOPMENT_TEAM = QFFHLH3A29;
				INFOPLIST_FILE = TVMovies/Info.plist;
				LD_RUNPATH_SEARCH_PATHS = (
					"$(inherited)",
					"@executable_path/Frameworks",
				);
				MARKETING_VERSION = 0.0.1;
				PRODUCT_BUNDLE_IDENTIFIER = com.Nagiz.TVMovies;
				PRODUCT_NAME = "$(TARGET_NAME)";
				SWIFT_VERSION = 5.0;
				TARGETED_DEVICE_FAMILY = 1;
			};
			name = Debug;
		};
		10CC434B2774D95200BB841A /* Release */ = {
			isa = XCBuildConfiguration;
			buildSettings = {
				ASSETCATALOG_COMPILER_APPICON_NAME = AppIcon;
				ASSETCATALOG_COMPILER_GLOBAL_ACCENT_COLOR_NAME = AccentColor;
				CODE_SIGN_STYLE = Automatic;
				DEVELOPMENT_TEAM = QFFHLH3A29;
				INFOPLIST_FILE = TVMovies/Info.plist;
				LD_RUNPATH_SEARCH_PATHS = (
					"$(inherited)",
					"@executable_path/Frameworks",
				);
				MARKETING_VERSION = 0.0.1;
				PRODUCT_BUNDLE_IDENTIFIER = com.Nagiz.TVMovies;
				PRODUCT_NAME = "$(TARGET_NAME)";
				SWIFT_VERSION = 5.0;
				TARGETED_DEVICE_FAMILY = 1;
			};
			name = Release;
		};
/* End XCBuildConfiguration section */

/* Begin XCConfigurationList section */
		10CC43302774D94E00BB841A /* Build configuration list for PBXProject "TVMovies" */ = {
			isa = XCConfigurationList;
			buildConfigurations = (
				10CC43472774D95200BB841A /* Debug */,
				10CC43482774D95200BB841A /* Release */,
			);
			defaultConfigurationIsVisible = 0;
			defaultConfigurationName = Release;
		};
		10CC43492774D95200BB841A /* Build configuration list for PBXNativeTarget "TVMovies" */ = {
			isa = XCConfigurationList;
			buildConfigurations = (
				10CC434A2774D95200BB841A /* Debug */,
				10CC434B2774D95200BB841A /* Release */,
			);
			defaultConfigurationIsVisible = 0;
			defaultConfigurationName = Release;
		};
/* End XCConfigurationList section */
	};
	rootObject = 10CC432D2774D94E00BB841A /* Project object */;
}
